
Microsoft Visual Studio Solution File, Format Version 12.00
# Visual Studio Version 16
VisualStudioVersion = 16.0.30907.101
MinimumVisualStudioVersion = 10.0.40219.1
Project("{9A19103F-16F7-4668-BE54-9A1E7A4F7556}") = "DataAccess", "DataAccess\DataAccess.csproj", "{AD8141F2-7620-4F55-9284-BEB0719D29BA}"
EndProject
Project("{9A19103F-16F7-4668-BE54-9A1E7A4F7556}") = "Entities", "Entities\Entities.csproj", "{1414C0E4-814B-4ADD-9917-0F84D31A25C4}"
EndProject
Project("{9A19103F-16F7-4668-BE54-9A1E7A4F7556}") = "Business", "Business\Business.csproj", "{8C4A33B5-B97B-4AE6-B09E-67FE217CE9A8}"
EndProject
Project("{9A19103F-16F7-4668-BE54-9A1E7A4F7556}") = "ConsoleUI", "ConsoleUI\ConsoleUI.csproj", "{6E1E44A6-2684-44D2-B43B-129E88C1EFFA}"
EndProject
Project("{9A19103F-16F7-4668-BE54-9A1E7A4F7556}") = "Core", "Core\Core.csproj", "{C631B514-EDFD-421D-AAD5-1A40F585DB44}"
EndProject
Project("{9A19103F-16F7-4668-BE54-9A1E7A4F7556}") = "WebAPI", "WebAPI\WebAPI.csproj", "{3AE65E2F-6770-4FB0-9358-AA4ACF9D7FDB}"
EndProject
Global
	GlobalSection(SolutionConfigurationPlatforms) = preSolution
		Debug|Any CPU = Debug|Any CPU
		Release|Any CPU = Release|Any CPU
	EndGlobalSection
	GlobalSection(ProjectConfigurationPlatforms) = postSolution
		{AD8141F2-7620-4F55-9284-BEB0719D29BA}.Debug|Any CPU.ActiveCfg = Debug|Any CPU
		{AD8141F2-7620-4F55-9284-BEB0719D29BA}.Debug|Any CPU.Build.0 = Debug|Any CPU
		{AD8141F2-7620-4F55-9284-BEB0719D29BA}.Release|Any CPU.ActiveCfg = Release|Any CPU
		{AD8141F2-7620-4F55-9284-BEB0719D29BA}.Release|Any CPU.Build.0 = Release|Any CPU
		{1414C0E4-814B-4ADD-9917-0F84D31A25C4}.Debug|Any CPU.ActiveCfg = Debug|Any CPU
		{1414C0E4-814B-4ADD-9917-0F84D31A25C4}.Debug|Any CPU.Build.0 = Debug|Any CPU
		{1414C0E4-814B-4ADD-9917-0F84D31A25C4}.Release|Any CPU.ActiveCfg = Release|Any CPU
		{1414C0E4-814B-4ADD-9917-0F84D31A25C4}.Release|Any CPU.Build.0 = Release|Any CPU
		{8C4A33B5-B97B-4AE6-B09E-67FE217CE9A8}.Debug|Any CPU.ActiveCfg = Debug|Any CPU
		{8C4A33B5-B97B-4AE6-B09E-67FE217CE9A8}.Debug|Any CPU.Build.0 = Debug|Any CPU
		{8C4A33B5-B97B-4AE6-B09E-67FE217CE9A8}.Release|Any CPU.ActiveCfg = Release|Any CPU
		{8C4A33B5-B97B-4AE6-B09E-67FE217CE9A8}.Release|Any CPU.Build.0 = Release|Any CPU
		{6E1E44A6-2684-44D2-B43B-129E88C1EFFA}.Debug|Any CPU.ActiveCfg = Debug|Any CPU
		{6E1E44A6-2684-44D2-B43B-129E88C1EFFA}.Debug|Any CPU.Build.0 = Debug|Any CPU
		{6E1E44A6-2684-44D2-B43B-129E88C1EFFA}.Release|Any CPU.ActiveCfg = Release|Any CPU
		{6E1E44A6-2684-44D2-B43B-129E88C1EFFA}.Release|Any CPU.Build.0 = Release|Any CPU
		{C631B514-EDFD-421D-AAD5-1A40F585DB44}.Debug|Any CPU.ActiveCfg = Debug|Any CPU
		{C631B514-EDFD-421D-AAD5-1A40F585DB44}.Debug|Any CPU.Build.0 = Debug|Any CPU
		{C631B514-EDFD-421D-AAD5-1A40F585DB44}.Release|Any CPU.ActiveCfg = Release|Any CPU
		{C631B514-EDFD-421D-AAD5-1A40F585DB44}.Release|Any CPU.Build.0 = Release|Any CPU
		{3AE65E2F-6770-4FB0-9358-AA4ACF9D7FDB}.Debug|Any CPU.ActiveCfg = Debug|Any CPU
		{3AE65E2F-6770-4FB0-9358-AA4ACF9D7FDB}.Debug|Any CPU.Build.0 = Debug|Any CPU
		{3AE65E2F-6770-4FB0-9358-AA4ACF9D7FDB}.Release|Any CPU.ActiveCfg = Release|Any CPU
		{3AE65E2F-6770-4FB0-9358-AA4ACF9D7FDB}.Release|Any CPU.Build.0 = Release|Any CPU
	EndGlobalSection
	GlobalSection(SolutionProperties) = preSolution
		HideSolutionNode = FALSE
	EndGlobalSection
	GlobalSection(ExtensibilityGlobals) = postSolution
		SolutionGuid = {72DB4F20-24AD-4F4E-80C4-13750C3531AE}
	EndGlobalSection
EndGlobal
